
Microsoft Visual Studio Solution File, Format Version 12.00
# Visual Studio Version 16
VisualStudioVersion = 16.0.29201.188
MinimumVisualStudioVersion = 10.0.40219.1
Project("{8BC9CEB8-8B4A-11D0-8D11-00A0C91BC942}") = "lab0", "lab0.vcxproj", "{DBF723D1-099D-4567-BE45-117A96779E4A}"
EndProject
Global
	GlobalSection(SolutionConfigurationPlatforms) = preSolution
		Debug|x64 = Debug|x64
		Debug|x86 = Debug|x86
		Release|x64 = Release|x64
		Release|x86 = Release|x86
	EndGlobalSection
	GlobalSection(ProjectConfigurationPlatforms) = postSolution
		{DBF723D1-099D-4567-BE45-117A96779E4A}.Debug|x64.ActiveCfg = Debug|x64
		{DBF723D1-099D-4567-BE45-117A96779E4A}.Debug|x64.Build.0 = Debug|x64
		{DBF723D1-099D-4567-BE45-117A96779E4A}.Debug|x86.ActiveCfg = Debug|Win32
		{DBF723D1-099D-4567-BE45-117A96779E4A}.Debug|x86.Build.0 = Debug|Win32
		{DBF723D1-099D-4567-BE45-117A96779E4A}.Release|x64.ActiveCfg = Release|x64
		{DBF723D1-099D-4567-BE45-117A96779E4A}.Release|x64.Build.0 = Release|x64
		{DBF723D1-099D-4567-BE45-117A96779E4A}.Release|x86.ActiveCfg = Release|Win32
		{DBF723D1-099D-4567-BE45-117A96779E4A}.Release|x86.Build.0 = Release|Win32
	EndGlobalSection
	GlobalSection(SolutionProperties) = preSolution
		HideSolutionNode = FALSE
	EndGlobalSection
	GlobalSection(ExtensibilityGlobals) = postSolution
		SolutionGuid = {3DCEF6BE-3764-45C2-A5D7-D231D4BBC25D}
	EndGlobalSection
EndGlobal
